// !$*UTF8*$!
{
	archiveVersion = 1;
	classes = {
	};
	objectVersion = 56;
	objects = {

/* Begin PBXBuildFile section */
		AA1245472B00AE1A0023E3C3 /* ScrumdingerApp.swift in Sources */ = {isa = PBXBuildFile; fileRef = AA1245462B00AE1A0023E3C3 /* ScrumdingerApp.swift */; };
		AA1245492B00AE1A0023E3C3 /* MeetingView.swift in Sources */ = {isa = PBXBuildFile; fileRef = AA1245482B00AE1A0023E3C3 /* MeetingView.swift */; };
		AA12454B2B00AE1A0023E3C3 /* Assets.xcassets in Resources */ = {isa = PBXBuildFile; fileRef = AA12454A2B00AE1A0023E3C3 /* Assets.xcassets */; };
		AA12454E2B00AE1A0023E3C3 /* Preview Assets.xcassets in Resources */ = {isa = PBXBuildFile; fileRef = AA12454D2B00AE1A0023E3C3 /* Preview Assets.xcassets */; };
		AA3557D92B0A594F0092DD6A /* DetailEditView.swift in Sources */ = {isa = PBXBuildFile; fileRef = AA3557D82B0A594F0092DD6A /* DetailEditView.swift */; };
		AA38357B2B13F5CB007FDC6F /* ErrorWrapper.swift in Sources */ = {isa = PBXBuildFile; fileRef = AA38357A2B13F5CB007FDC6F /* ErrorWrapper.swift */; };
		AA38357D2B13FADB007FDC6F /* ErrorView.swift in Sources */ = {isa = PBXBuildFile; fileRef = AA38357C2B13FADB007FDC6F /* ErrorView.swift */; };
		AA3A38052B016CF000448EDB /* Theme.swift in Sources */ = {isa = PBXBuildFile; fileRef = AA3A38042B016CF000448EDB /* Theme.swift */; };
		AA3A38072B01748B00448EDB /* DailyScrum.swift in Sources */ = {isa = PBXBuildFile; fileRef = AA3A38062B01748B00448EDB /* DailyScrum.swift */; };
		AA3A38092B0179DF00448EDB /* CardView.swift in Sources */ = {isa = PBXBuildFile; fileRef = AA3A38082B0179DF00448EDB /* CardView.swift */; };
		AA50D7EB2B0E9F9D00DE34E4 /* MeetingHeaderView.swift in Sources */ = {isa = PBXBuildFile; fileRef = AA50D7EA2B0E9F9D00DE34E4 /* MeetingHeaderView.swift */; };
		AA50D7EF2B0EA7C400DE34E4 /* ScrumProgressViewStile.swift in Sources */ = {isa = PBXBuildFile; fileRef = AA50D7EE2B0EA7C400DE34E4 /* ScrumProgressViewStile.swift */; };
		AA50D7F12B0EAA7100DE34E4 /* ScrumTimer.swift in Sources */ = {isa = PBXBuildFile; fileRef = AA50D7F02B0EAA7100DE34E4 /* ScrumTimer.swift */; };
		AA50D7F32B0EAED600DE34E4 /* MeetingFooterView.swift in Sources */ = {isa = PBXBuildFile; fileRef = AA50D7F22B0EAED600DE34E4 /* MeetingFooterView.swift */; };
		AA50D7F52B0EB5E400DE34E4 /* AVPlayer+Ding.swift in Sources */ = {isa = PBXBuildFile; fileRef = AA50D7F42B0EB5E400DE34E4 /* AVPlayer+Ding.swift */; };
		AA50D7F92B0EB65A00DE34E4 /* ding.wav in Resources */ = {isa = PBXBuildFile; fileRef = AA50D7F82B0EB65A00DE34E4 /* ding.wav */; };
		AA59571B2B0FFA5E00084447 /* NewScrumSheet.swift in Sources */ = {isa = PBXBuildFile; fileRef = AA59571A2B0FFA5E00084447 /* NewScrumSheet.swift */; };
		AA59571D2B10014700084447 /* EditScrumSheet.swift in Sources */ = {isa = PBXBuildFile; fileRef = AA59571C2B10014700084447 /* EditScrumSheet.swift */; };
		AA63AB152B16846800DA6936 /* MeetingTimerView.swift in Sources */ = {isa = PBXBuildFile; fileRef = AA63AB142B16846800DA6936 /* MeetingTimerView.swift */; };
		AA63AB172B1689FD00DA6936 /* SpeakerArc.swift in Sources */ = {isa = PBXBuildFile; fileRef = AA63AB162B1689FD00DA6936 /* SpeakerArc.swift */; };
		AA6E78772B0979540033CB96 /* DetailsView.swift in Sources */ = {isa = PBXBuildFile; fileRef = AA6E78762B0979540033CB96 /* DetailsView.swift */; };
		AA82C25C2B02C754006FA777 /* TrailingIconLabelStyle.swift in Sources */ = {isa = PBXBuildFile; fileRef = AA82C25B2B02C754006FA777 /* TrailingIconLabelStyle.swift */; };
		AA82C2602B02CF64006FA777 /* ScrumView.swift in Sources */ = {isa = PBXBuildFile; fileRef = AA82C25F2B02CF64006FA777 /* ScrumView.swift */; };
		AAA923882B0BE99500E72E3D /* ThemeView.swift in Sources */ = {isa = PBXBuildFile; fileRef = AAA923872B0BE99500E72E3D /* ThemeView.swift */; };
		AAA9238A2B0BEF2200E72E3D /* ThemePicker.swift in Sources */ = {isa = PBXBuildFile; fileRef = AAA923892B0BEF2200E72E3D /* ThemePicker.swift */; };
		AAE331662B127F1B00527BAD /* History.swift in Sources */ = {isa = PBXBuildFile; fileRef = AAE331652B127F1B00527BAD /* History.swift */; };
		AAE331682B12A3D200527BAD /* ScrumStore.swift in Sources */ = {isa = PBXBuildFile; fileRef = AAE331672B12A3D200527BAD /* ScrumStore.swift */; };
/* End PBXBuildFile section */

/* Begin PBXFileReference section */
		AA1245432B00AE1A0023E3C3 /* Scrumdinger.app */ = {isa = PBXFileReference; explicitFileType = wrapper.application; includeInIndex = 0; path = Scrumdinger.app; sourceTree = BUILT_PRODUCTS_DIR; };
		AA1245462B00AE1A0023E3C3 /* ScrumdingerApp.swift */ = {isa = PBXFileReference; lastKnownFileType = sourcecode.swift; path = ScrumdingerApp.swift; sourceTree = "<group>"; };
		AA1245482B00AE1A0023E3C3 /* MeetingView.swift */ = {isa = PBXFileReference; lastKnownFileType = sourcecode.swift; path = MeetingView.swift; sourceTree = "<group>"; };
		AA12454A2B00AE1A0023E3C3 /* Assets.xcassets */ = {isa = PBXFileReference; lastKnownFileType = folder.assetcatalog; path = Assets.xcassets; sourceTree = "<group>"; };
		AA12454D2B00AE1A0023E3C3 /* Preview Assets.xcassets */ = {isa = PBXFileReference; lastKnownFileType = folder.assetcatalog; path = "Preview Assets.xcassets"; sourceTree = "<group>"; };
		AA3557D82B0A594F0092DD6A /* DetailEditView.swift */ = {isa = PBXFileReference; lastKnownFileType = sourcecode.swift; path = DetailEditView.swift; sourceTree = "<group>"; };
		AA38357A2B13F5CB007FDC6F /* ErrorWrapper.swift */ = {isa = PBXFileReference; lastKnownFileType = sourcecode.swift; path = ErrorWrapper.swift; sourceTree = "<group>"; };
		AA38357C2B13FADB007FDC6F /* ErrorView.swift */ = {isa = PBXFileReference; lastKnownFileType = sourcecode.swift; path = ErrorView.swift; sourceTree = "<group>"; };
		AA3A38042B016CF000448EDB /* Theme.swift */ = {isa = PBXFileReference; lastKnownFileType = sourcecode.swift; path = Theme.swift; sourceTree = "<group>"; };
		AA3A38062B01748B00448EDB /* DailyScrum.swift */ = {isa = PBXFileReference; lastKnownFileType = sourcecode.swift; path = DailyScrum.swift; sourceTree = "<group>"; };
		AA3A38082B0179DF00448EDB /* CardView.swift */ = {isa = PBXFileReference; lastKnownFileType = sourcecode.swift; path = CardView.swift; sourceTree = "<group>"; };
		AA50D7EA2B0E9F9D00DE34E4 /* MeetingHeaderView.swift */ = {isa = PBXFileReference; lastKnownFileType = sourcecode.swift; path = MeetingHeaderView.swift; sourceTree = "<group>"; };
		AA50D7EE2B0EA7C400DE34E4 /* ScrumProgressViewStile.swift */ = {isa = PBXFileReference; lastKnownFileType = sourcecode.swift; path = ScrumProgressViewStile.swift; sourceTree = "<group>"; };
		AA50D7F02B0EAA7100DE34E4 /* ScrumTimer.swift */ = {isa = PBXFileReference; lastKnownFileType = sourcecode.swift; path = ScrumTimer.swift; sourceTree = "<group>"; };
		AA50D7F22B0EAED600DE34E4 /* MeetingFooterView.swift */ = {isa = PBXFileReference; lastKnownFileType = sourcecode.swift; path = MeetingFooterView.swift; sourceTree = "<group>"; };
		AA50D7F42B0EB5E400DE34E4 /* AVPlayer+Ding.swift */ = {isa = PBXFileReference; lastKnownFileType = sourcecode.swift; path = "AVPlayer+Ding.swift"; sourceTree = "<group>"; };
		AA50D7F82B0EB65A00DE34E4 /* ding.wav */ = {isa = PBXFileReference; lastKnownFileType = audio.wav; name = ding.wav; path = ../../../../ManagingStateAndLifeCycle/StartingProject/Scrumdinger/Resources/ding.wav; sourceTree = "<group>"; };
		AA59571A2B0FFA5E00084447 /* NewScrumSheet.swift */ = {isa = PBXFileReference; lastKnownFileType = sourcecode.swift; path = NewScrumSheet.swift; sourceTree = "<group>"; };
		AA59571C2B10014700084447 /* EditScrumSheet.swift */ = {isa = PBXFileReference; lastKnownFileType = sourcecode.swift; path = EditScrumSheet.swift; sourceTree = "<group>"; };
		AA63AB142B16846800DA6936 /* MeetingTimerView.swift */ = {isa = PBXFileReference; lastKnownFileType = sourcecode.swift; path = MeetingTimerView.swift; sourceTree = "<group>"; };
		AA63AB162B1689FD00DA6936 /* SpeakerArc.swift */ = {isa = PBXFileReference; lastKnownFileType = sourcecode.swift; path = SpeakerArc.swift; sourceTree = "<group>"; };
		AA6E78762B0979540033CB96 /* DetailsView.swift */ = {isa = PBXFileReference; lastKnownFileType = sourcecode.swift; path = DetailsView.swift; sourceTree = "<group>"; };
		AA82C25B2B02C754006FA777 /* TrailingIconLabelStyle.swift */ = {isa = PBXFileReference; lastKnownFileType = sourcecode.swift; path = TrailingIconLabelStyle.swift; sourceTree = "<group>"; };
		AA82C25F2B02CF64006FA777 /* ScrumView.swift */ = {isa = PBXFileReference; lastKnownFileType = sourcecode.swift; path = ScrumView.swift; sourceTree = "<group>"; };
		AAA923872B0BE99500E72E3D /* ThemeView.swift */ = {isa = PBXFileReference; lastKnownFileType = sourcecode.swift; path = ThemeView.swift; sourceTree = "<group>"; };
		AAA923892B0BEF2200E72E3D /* ThemePicker.swift */ = {isa = PBXFileReference; lastKnownFileType = sourcecode.swift; path = ThemePicker.swift; sourceTree = "<group>"; };
		AAE331652B127F1B00527BAD /* History.swift */ = {isa = PBXFileReference; lastKnownFileType = sourcecode.swift; path = History.swift; sourceTree = "<group>"; };
		AAE331672B12A3D200527BAD /* ScrumStore.swift */ = {isa = PBXFileReference; lastKnownFileType = sourcecode.swift; path = ScrumStore.swift; sourceTree = "<group>"; };
/* End PBXFileReference section */

/* Begin PBXFrameworksBuildPhase section */
		AA1245402B00AE1A0023E3C3 /* Frameworks */ = {
			isa = PBXFrameworksBuildPhase;
			buildActionMask = 2147483647;
			files = (
			);
			runOnlyForDeploymentPostprocessing = 0;
		};
/* End PBXFrameworksBuildPhase section */

/* Begin PBXGroup section */
		AA12453A2B00AE1A0023E3C3 = {
			isa = PBXGroup;
			children = (
				AA1245452B00AE1A0023E3C3 /* Scrumdinger */,
				AA1245442B00AE1A0023E3C3 /* Products */,
			);
			sourceTree = "<group>";
		};
		AA1245442B00AE1A0023E3C3 /* Products */ = {
			isa = PBXGroup;
			children = (
				AA1245432B00AE1A0023E3C3 /* Scrumdinger.app */,
			);
			name = Products;
			sourceTree = "<group>";
		};
		AA1245452B00AE1A0023E3C3 /* Scrumdinger */ = {
			isa = PBXGroup;
			children = (
				AA50D7F72B0EB63500DE34E4 /* Resourses */,
				AA3A38032B016B5400448EDB /* Models */,
				AA1245462B00AE1A0023E3C3 /* ScrumdingerApp.swift */,
				AA3A38082B0179DF00448EDB /* CardView.swift */,
				AA82C25F2B02CF64006FA777 /* ScrumView.swift */,
				AAA923872B0BE99500E72E3D /* ThemeView.swift */,
				AAA923892B0BEF2200E72E3D /* ThemePicker.swift */,
				AA6E78762B0979540033CB96 /* DetailsView.swift */,
				AA59571A2B0FFA5E00084447 /* NewScrumSheet.swift */,
				AA59571C2B10014700084447 /* EditScrumSheet.swift */,
				AA3557D82B0A594F0092DD6A /* DetailEditView.swift */,
				AA82C25B2B02C754006FA777 /* TrailingIconLabelStyle.swift */,
				AA1245482B00AE1A0023E3C3 /* MeetingView.swift */,
				AA50D7F22B0EAED600DE34E4 /* MeetingFooterView.swift */,
				AA50D7EA2B0E9F9D00DE34E4 /* MeetingHeaderView.swift */,
				AA50D7EE2B0EA7C400DE34E4 /* ScrumProgressViewStile.swift */,
				AA38357C2B13FADB007FDC6F /* ErrorView.swift */,
				AA63AB142B16846800DA6936 /* MeetingTimerView.swift */,
				AA63AB162B1689FD00DA6936 /* SpeakerArc.swift */,
				AA12454A2B00AE1A0023E3C3 /* Assets.xcassets */,
				AA12454C2B00AE1A0023E3C3 /* Preview Content */,
			);
			path = Scrumdinger;
			sourceTree = "<group>";
		};
		AA12454C2B00AE1A0023E3C3 /* Preview Content */ = {
			isa = PBXGroup;
			children = (
				AA12454D2B00AE1A0023E3C3 /* Preview Assets.xcassets */,
			);
			path = "Preview Content";
			sourceTree = "<group>";
		};
		AA3A38032B016B5400448EDB /* Models */ = {
			isa = PBXGroup;
			children = (
				AA3A38042B016CF000448EDB /* Theme.swift */,
				AA50D7F42B0EB5E400DE34E4 /* AVPlayer+Ding.swift */,
				AA50D7F02B0EAA7100DE34E4 /* ScrumTimer.swift */,
				AA3A38062B01748B00448EDB /* DailyScrum.swift */,
				AAE331652B127F1B00527BAD /* History.swift */,
				AAE331672B12A3D200527BAD /* ScrumStore.swift */,
				AA38357A2B13F5CB007FDC6F /* ErrorWrapper.swift */,
			);
			path = Models;
			sourceTree = "<group>";
		};
		AA50D7F72B0EB63500DE34E4 /* Resourses */ = {
			isa = PBXGroup;
			children = (
				AA50D7F82B0EB65A00DE34E4 /* ding.wav */,
			);
			path = Resourses;
			sourceTree = "<group>";
		};
/* End PBXGroup section */

/* Begin PBXNativeTarget section */
		AA1245422B00AE1A0023E3C3 /* Scrumdinger */ = {
			isa = PBXNativeTarget;
			buildConfigurationList = AA1245512B00AE1A0023E3C3 /* Build configuration list for PBXNativeTarget "Scrumdinger" */;
			buildPhases = (
				AA12453F2B00AE1A0023E3C3 /* Sources */,
				AA1245402B00AE1A0023E3C3 /* Frameworks */,
				AA1245412B00AE1A0023E3C3 /* Resources */,
			);
			buildRules = (
			);
			dependencies = (
			);
			name = Scrumdinger;
			productName = Scrumdinger;
			productReference = AA1245432B00AE1A0023E3C3 /* Scrumdinger.app */;
			productType = "com.apple.product-type.application";
		};
/* End PBXNativeTarget section */

/* Begin PBXProject section */
		AA12453B2B00AE1A0023E3C3 /* Project object */ = {
			isa = PBXProject;
			attributes = {
				BuildIndependentTargetsInParallel = 1;
				LastSwiftUpdateCheck = 1400;
				LastUpgradeCheck = 1400;
				TargetAttributes = {
					AA1245422B00AE1A0023E3C3 = {
						CreatedOnToolsVersion = 14.0;
					};
				};
			};
			buildConfigurationList = AA12453E2B00AE1A0023E3C3 /* Build configuration list for PBXProject "Scrumdinger" */;
			compatibilityVersion = "Xcode 14.0";
			developmentRegion = en;
			hasScannedForEncodings = 0;
			knownRegions = (
				en,
				Base,
			);
			mainGroup = AA12453A2B00AE1A0023E3C3;
			productRefGroup = AA1245442B00AE1A0023E3C3 /* Products */;
			projectDirPath = "";
			projectRoot = "";
			targets = (
				AA1245422B00AE1A0023E3C3 /* Scrumdinger */,
			);
		};
/* End PBXProject section */

/* Begin PBXResourcesBuildPhase section */
		AA1245412B00AE1A0023E3C3 /* Resources */ = {
			isa = PBXResourcesBuildPhase;
			buildActionMask = 2147483647;
			files = (
				AA50D7F92B0EB65A00DE34E4 /* ding.wav in Resources */,
				AA12454E2B00AE1A0023E3C3 /* Preview Assets.xcassets in Resources */,
				AA12454B2B00AE1A0023E3C3 /* Assets.xcassets in Resources */,
			);
			runOnlyForDeploymentPostprocessing = 0;
		};
/* End PBXResourcesBuildPhase section */

/* Begin PBXSourcesBuildPhase section */
		AA12453F2B00AE1A0023E3C3 /* Sources */ = {
			isa = PBXSourcesBuildPhase;
			buildActionMask = 2147483647;
			files = (
				AAA9238A2B0BEF2200E72E3D /* ThemePicker.swift in Sources */,
				AA3A38072B01748B00448EDB /* DailyScrum.swift in Sources */,
				AAE331682B12A3D200527BAD /* ScrumStore.swift in Sources */,
				AAE331662B127F1B00527BAD /* History.swift in Sources */,
				AA50D7F32B0EAED600DE34E4 /* MeetingFooterView.swift in Sources */,
				AA50D7F12B0EAA7100DE34E4 /* ScrumTimer.swift in Sources */,
				AA82C2602B02CF64006FA777 /* ScrumView.swift in Sources */,
				AA50D7EB2B0E9F9D00DE34E4 /* MeetingHeaderView.swift in Sources */,
				AA3557D92B0A594F0092DD6A /* DetailEditView.swift in Sources */,
				AA82C25C2B02C754006FA777 /* TrailingIconLabelStyle.swift in Sources */,
				AA59571D2B10014700084447 /* EditScrumSheet.swift in Sources */,
				AA3A38052B016CF000448EDB /* Theme.swift in Sources */,
				AA63AB172B1689FD00DA6936 /* SpeakerArc.swift in Sources */,
				AA50D7EF2B0EA7C400DE34E4 /* ScrumProgressViewStile.swift in Sources */,
				AA1245492B00AE1A0023E3C3 /* MeetingView.swift in Sources */,
				AA63AB152B16846800DA6936 /* MeetingTimerView.swift in Sources */,
				AA6E78772B0979540033CB96 /* DetailsView.swift in Sources */,
				AA38357B2B13F5CB007FDC6F /* ErrorWrapper.swift in Sources */,
				AA1245472B00AE1A0023E3C3 /* ScrumdingerApp.swift in Sources */,
				AA59571B2B0FFA5E00084447 /* NewScrumSheet.swift in Sources */,
				AAA923882B0BE99500E72E3D /* ThemeView.swift in Sources */,
				AA3A38092B0179DF00448EDB /* CardView.swift in Sources */,
				AA50D7F52B0EB5E400DE34E4 /* AVPlayer+Ding.swift in Sources */,
				AA38357D2B13FADB007FDC6F /* ErrorView.swift in Sources */,
			);
			runOnlyForDeploymentPostprocessing = 0;
		};
/* End PBXSourcesBuildPhase section */

/* Begin XCBuildConfiguration section */
		AA12454F2B00AE1A0023E3C3 /* Debug */ = {
			isa = XCBuildConfiguration;
			buildSettings = {
				ALWAYS_SEARCH_USER_PATHS = NO;
				CLANG_ANALYZER_NONNULL = YES;
				CLANG_ANALYZER_NUMBER_OBJECT_CONVERSION = YES_AGGRESSIVE;
				CLANG_CXX_LANGUAGE_STANDARD = "gnu++20";
				CLANG_ENABLE_MODULES = YES;
				CLANG_ENABLE_OBJC_ARC = YES;
				CLANG_ENABLE_OBJC_WEAK = YES;
				CLANG_WARN_BLOCK_CAPTURE_AUTORELEASING = YES;
				CLANG_WARN_BOOL_CONVERSION = YES;
				CLANG_WARN_COMMA = YES;
				CLANG_WARN_CONSTANT_CONVERSION = YES;
				CLANG_WARN_DEPRECATED_OBJC_IMPLEMENTATIONS = YES;
				CLANG_WARN_DIRECT_OBJC_ISA_USAGE = YES_ERROR;
				CLANG_WARN_DOCUMENTATION_COMMENTS = YES;
				CLANG_WARN_EMPTY_BODY = YES;
				CLANG_WARN_ENUM_CONVERSION = YES;
				CLANG_WARN_INFINITE_RECURSION = YES;
				CLANG_WARN_INT_CONVERSION = YES;
				CLANG_WARN_NON_LITERAL_NULL_CONVERSION = YES;
				CLANG_WARN_OBJC_IMPLICIT_RETAIN_SELF = YES;
				CLANG_WARN_OBJC_LITERAL_CONVERSION = YES;
				CLANG_WARN_OBJC_ROOT_CLASS = YES_ERROR;
				CLANG_WARN_QUOTED_INCLUDE_IN_FRAMEWORK_HEADER = YES;
				CLANG_WARN_RANGE_LOOP_ANALYSIS = YES;
				CLANG_WARN_STRICT_PROTOTYPES = YES;
				CLANG_WARN_SUSPICIOUS_MOVE = YES;
				CLANG_WARN_UNGUARDED_AVAILABILITY = YES_AGGRESSIVE;
				CLANG_WARN_UNREACHABLE_CODE = YES;
				CLANG_WARN__DUPLICATE_METHOD_MATCH = YES;
				COPY_PHASE_STRIP = NO;
				DEBUG_INFORMATION_FORMAT = dwarf;
				EMBED_ASSET_PACKS_IN_PRODUCT_BUNDLE = YES;
				ENABLE_ON_DEMAND_RESOURCES = YES;
				ENABLE_STRICT_OBJC_MSGSEND = YES;
				ENABLE_TESTABILITY = YES;
				GCC_C_LANGUAGE_STANDARD = gnu11;
				GCC_DYNAMIC_NO_PIC = NO;
				GCC_NO_COMMON_BLOCKS = YES;
				GCC_OPTIMIZATION_LEVEL = 0;
				GCC_PREPROCESSOR_DEFINITIONS = (
					"DEBUG=1",
					"$(inherited)",
				);
				GCC_WARN_64_TO_32_BIT_CONVERSION = YES;
				GCC_WARN_ABOUT_RETURN_TYPE = YES_ERROR;
				GCC_WARN_UNDECLARED_SELECTOR = YES;
				GCC_WARN_UNINITIALIZED_AUTOS = YES_AGGRESSIVE;
				GCC_WARN_UNUSED_FUNCTION = YES;
				GCC_WARN_UNUSED_VARIABLE = YES;
				IPHONEOS_DEPLOYMENT_TARGET = 16.0;
				MTL_ENABLE_DEBUG_INFO = INCLUDE_SOURCE;
				MTL_FAST_MATH = YES;
				ONLY_ACTIVE_ARCH = YES;
				SDKROOT = iphoneos;
				SWIFT_ACTIVE_COMPILATION_CONDITIONS = DEBUG;
				SWIFT_OPTIMIZATION_LEVEL = "-Onone";
			};
			name = Debug;
		};
		AA1245502B00AE1A0023E3C3 /* Release */ = {
			isa = XCBuildConfiguration;
			buildSettings = {
				ALWAYS_SEARCH_USER_PATHS = NO;
				CLANG_ANALYZER_NONNULL = YES;
				CLANG_ANALYZER_NUMBER_OBJECT_CONVERSION = YES_AGGRESSIVE;
				CLANG_CXX_LANGUAGE_STANDARD = "gnu++20";
				CLANG_ENABLE_MODULES = YES;
				CLANG_ENABLE_OBJC_ARC = YES;
				CLANG_ENABLE_OBJC_WEAK = YES;
				CLANG_WARN_BLOCK_CAPTURE_AUTORELEASING = YES;
				CLANG_WARN_BOOL_CONVERSION = YES;
				CLANG_WARN_COMMA = YES;
				CLANG_WARN_CONSTANT_CONVERSION = YES;
				CLANG_WARN_DEPRECATED_OBJC_IMPLEMENTATIONS = YES;
				CLANG_WARN_DIRECT_OBJC_ISA_USAGE = YES_ERROR;
				CLANG_WARN_DOCUMENTATION_COMMENTS = YES;
				CLANG_WARN_EMPTY_BODY = YES;
				CLANG_WARN_ENUM_CONVERSION = YES;
				CLANG_WARN_INFINITE_RECURSION = YES;
				CLANG_WARN_INT_CONVERSION = YES;
				CLANG_WARN_NON_LITERAL_NULL_CONVERSION = YES;
				CLANG_WARN_OBJC_IMPLICIT_RETAIN_SELF = YES;
				CLANG_WARN_OBJC_LITERAL_CONVERSION = YES;
				CLANG_WARN_OBJC_ROOT_CLASS = YES_ERROR;
				CLANG_WARN_QUOTED_INCLUDE_IN_FRAMEWORK_HEADER = YES;
				CLANG_WARN_RANGE_LOOP_ANALYSIS = YES;
				CLANG_WARN_STRICT_PROTOTYPES = YES;
				CLANG_WARN_SUSPICIOUS_MOVE = YES;
				CLANG_WARN_UNGUARDED_AVAILABILITY = YES_AGGRESSIVE;
				CLANG_WARN_UNREACHABLE_CODE = YES;
				CLANG_WARN__DUPLICATE_METHOD_MATCH = YES;
				COPY_PHASE_STRIP = NO;
				DEBUG_INFORMATION_FORMAT = "dwarf-with-dsym";
				EMBED_ASSET_PACKS_IN_PRODUCT_BUNDLE = YES;
				ENABLE_NS_ASSERTIONS = NO;
				ENABLE_ON_DEMAND_RESOURCES = YES;
				ENABLE_STRICT_OBJC_MSGSEND = YES;
				GCC_C_LANGUAGE_STANDARD = gnu11;
				GCC_NO_COMMON_BLOCKS = YES;
				GCC_WARN_64_TO_32_BIT_CONVERSION = YES;
				GCC_WARN_ABOUT_RETURN_TYPE = YES_ERROR;
				GCC_WARN_UNDECLARED_SELECTOR = YES;
				GCC_WARN_UNINITIALIZED_AUTOS = YES_AGGRESSIVE;
				GCC_WARN_UNUSED_FUNCTION = YES;
				GCC_WARN_UNUSED_VARIABLE = YES;
				IPHONEOS_DEPLOYMENT_TARGET = 16.0;
				MTL_ENABLE_DEBUG_INFO = NO;
				MTL_FAST_MATH = YES;
				SDKROOT = iphoneos;
				SWIFT_COMPILATION_MODE = wholemodule;
				SWIFT_OPTIMIZATION_LEVEL = "-O";
				VALIDATE_PRODUCT = YES;
			};
			name = Release;
		};
		AA1245522B00AE1A0023E3C3 /* Debug */ = {
			isa = XCBuildConfiguration;
			buildSettings = {
				ASSETCATALOG_COMPILER_APPICON_NAME = AppIcon;
				ASSETCATALOG_COMPILER_GLOBAL_ACCENT_COLOR_NAME = AccentColor;
				CODE_SIGN_STYLE = Automatic;
				CURRENT_PROJECT_VERSION = 1;
				DEVELOPMENT_ASSET_PATHS = "\"Scrumdinger/Preview Content\"";
				ENABLE_PREVIEWS = YES;
				GENERATE_INFOPLIST_FILE = YES;
				INFOPLIST_KEY_UIApplicationSceneManifest_Generation = YES;
				INFOPLIST_KEY_UIApplicationSupportsIndirectInputEvents = YES;
				INFOPLIST_KEY_UILaunchScreen_Generation = YES;
				INFOPLIST_KEY_UISupportedInterfaceOrientations_iPad = "UIInterfaceOrientationPortrait UIInterfaceOrientationPortraitUpsideDown UIInterfaceOrientationLandscapeLeft UIInterfaceOrientationLandscapeRight";
				INFOPLIST_KEY_UISupportedInterfaceOrientations_iPhone = "UIInterfaceOrientationPortrait UIInterfaceOrientationLandscapeLeft UIInterfaceOrientationLandscapeRight";
				LD_RUNPATH_SEARCH_PATHS = (
					"$(inherited)",
					"@executable_path/Frameworks",
				);
				MARKETING_VERSION = 1.0;
				PRODUCT_BUNDLE_IDENTIFIER = ru.brauer.Scrumdinger;
				PRODUCT_NAME = "$(TARGET_NAME)";
				SWIFT_EMIT_LOC_STRINGS = YES;
				SWIFT_VERSION = 5.0;
				TARGETED_DEVICE_FAMILY = "1,2";
			};
			name = Debug;
		};
		AA1245532B00AE1A0023E3C3 /* Release */ = {
			isa = XCBuildConfiguration;
			buildSettings = {
				ASSETCATALOG_COMPILER_APPICON_NAME = AppIcon;
				ASSETCATALOG_COMPILER_GLOBAL_ACCENT_COLOR_NAME = AccentColor;
				CODE_SIGN_STYLE = Automatic;
				CURRENT_PROJECT_VERSION = 1;
				DEVELOPMENT_ASSET_PATHS = "\"Scrumdinger/Preview Content\"";
				ENABLE_PREVIEWS = YES;
				GENERATE_INFOPLIST_FILE = YES;
				INFOPLIST_KEY_UIApplicationSceneManifest_Generation = YES;
				INFOPLIST_KEY_UIApplicationSupportsIndirectInputEvents = YES;
				INFOPLIST_KEY_UILaunchScreen_Generation = YES;
				INFOPLIST_KEY_UISupportedInterfaceOrientations_iPad = "UIInterfaceOrientationPortrait UIInterfaceOrientationPortraitUpsideDown UIInterfaceOrientationLandscapeLeft UIInterfaceOrientationLandscapeRight";
				INFOPLIST_KEY_UISupportedInterfaceOrientations_iPhone = "UIInterfaceOrientationPortrait UIInterfaceOrientationLandscapeLeft UIInterfaceOrientationLandscapeRight";
				LD_RUNPATH_SEARCH_PATHS = (
					"$(inherited)",
					"@executable_path/Frameworks",
				);
				MARKETING_VERSION = 1.0;
				PRODUCT_BUNDLE_IDENTIFIER = ru.brauer.Scrumdinger;
				PRODUCT_NAME = "$(TARGET_NAME)";
				SWIFT_EMIT_LOC_STRINGS = YES;
				SWIFT_VERSION = 5.0;
				TARGETED_DEVICE_FAMILY = "1,2";
			};
			name = Release;
		};
/* End XCBuildConfiguration section */

/* Begin XCConfigurationList section */
		AA12453E2B00AE1A0023E3C3 /* Build configuration list for PBXProject "Scrumdinger" */ = {
			isa = XCConfigurationList;
			buildConfigurations = (
				AA12454F2B00AE1A0023E3C3 /* Debug */,
				AA1245502B00AE1A0023E3C3 /* Release */,
			);
			defaultConfigurationIsVisible = 0;
			defaultConfigurationName = Release;
		};
		AA1245512B00AE1A0023E3C3 /* Build configuration list for PBXNativeTarget "Scrumdinger" */ = {
			isa = XCConfigurationList;
			buildConfigurations = (
				AA1245522B00AE1A0023E3C3 /* Debug */,
				AA1245532B00AE1A0023E3C3 /* Release */,
			);
			defaultConfigurationIsVisible = 0;
			defaultConfigurationName = Release;
		};
/* End XCConfigurationList section */
	};
	rootObject = AA12453B2B00AE1A0023E3C3 /* Project object */;
}
